
Microsoft Visual Studio Solution File, Format Version 12.00
# Visual Studio Version 16
VisualStudioVersion = 16.0.29306.81
MinimumVisualStudioVersion = 10.0.40219.1
Project("{FAE04EC0-301F-11D3-BF4B-00C04F79EFBC}") = "Evaluacion360", "Evaluacion360\Evaluacion360.csproj", "{BE3B4206-1A27-4D3E-9EC8-FD5D568FEA25}"
EndProject
Global
	GlobalSection(SolutionConfigurationPlatforms) = preSolution
		Debug|Any CPU = Debug|Any CPU
		Release|Any CPU = Release|Any CPU
	EndGlobalSection
	GlobalSection(ProjectConfigurationPlatforms) = postSolution
		{BE3B4206-1A27-4D3E-9EC8-FD5D568FEA25}.Debug|Any CPU.ActiveCfg = Debug|Any CPU
		{BE3B4206-1A27-4D3E-9EC8-FD5D568FEA25}.Debug|Any CPU.Build.0 = Debug|Any CPU
		{BE3B4206-1A27-4D3E-9EC8-FD5D568FEA25}.Release|Any CPU.ActiveCfg = Release|Any CPU
		{BE3B4206-1A27-4D3E-9EC8-FD5D568FEA25}.Release|Any CPU.Build.0 = Release|Any CPU
	EndGlobalSection
	GlobalSection(SolutionProperties) = preSolution
		HideSolutionNode = FALSE
	EndGlobalSection
	GlobalSection(ExtensibilityGlobals) = postSolution
		SolutionGuid = {345E6BF6-D71A-471B-9926-D6034FAF7DFA}
	EndGlobalSection
EndGlobal
